
Microsoft Visual Studio Solution File, Format Version 12.00
# Visual Studio Version 16
VisualStudioVersion = 16.0.30114.105
MinimumVisualStudioVersion = 10.0.40219.1
Project("{9A19103F-16F7-4668-BE54-9A1E7A4F7556}") = "InjectionTool.Library", "InjectionTool.Library\InjectionTool.Library.csproj", "{9BAFCB21-BDE0-42FE-845B-A615D9FE1156}"
EndProject
Project("{9A19103F-16F7-4668-BE54-9A1E7A4F7556}") = "InjectionTool.Client", "InjectionTool.Client\InjectionTool.Client.csproj", "{C7030266-2AEF-4D28-AF33-1601D0A7461F}"
EndProject
Global
	GlobalSection(SolutionConfigurationPlatforms) = preSolution
		Debug|Any CPU = Debug|Any CPU
		Release|Any CPU = Release|Any CPU
	EndGlobalSection
	GlobalSection(ProjectConfigurationPlatforms) = postSolution
		{9BAFCB21-BDE0-42FE-845B-A615D9FE1156}.Debug|Any CPU.ActiveCfg = Debug|Any CPU
		{9BAFCB21-BDE0-42FE-845B-A615D9FE1156}.Debug|Any CPU.Build.0 = Debug|Any CPU
		{9BAFCB21-BDE0-42FE-845B-A615D9FE1156}.Release|Any CPU.ActiveCfg = Release|Any CPU
		{9BAFCB21-BDE0-42FE-845B-A615D9FE1156}.Release|Any CPU.Build.0 = Release|Any CPU
		{C7030266-2AEF-4D28-AF33-1601D0A7461F}.Debug|Any CPU.ActiveCfg = Debug|Any CPU
		{C7030266-2AEF-4D28-AF33-1601D0A7461F}.Debug|Any CPU.Build.0 = Debug|Any CPU
		{C7030266-2AEF-4D28-AF33-1601D0A7461F}.Release|Any CPU.ActiveCfg = Release|Any CPU
		{C7030266-2AEF-4D28-AF33-1601D0A7461F}.Release|Any CPU.Build.0 = Release|Any CPU
	EndGlobalSection
	GlobalSection(SolutionProperties) = preSolution
		HideSolutionNode = FALSE
	EndGlobalSection
	GlobalSection(ExtensibilityGlobals) = postSolution
		SolutionGuid = {8C54E526-8527-4027-A2E9-D8A9739218A3}
	EndGlobalSection
EndGlobal
